// !$*UTF8*$!
{
	archiveVersion = 1;
	classes = {
	};
	objectVersion = 46;
	objects = {

/* Begin PBXBuildFile section */
		0A1B2D191C45A76A00F2DC85 /* main.m in Sources */ = {isa = PBXBuildFile; fileRef = 0A1B2D181C45A76A00F2DC85 /* main.m */; };
		0A1B2D211C45A78300F2DC85 /* Contact.m in Sources */ = {isa = PBXBuildFile; fileRef = 0A1B2D201C45A78300F2DC85 /* Contact.m */; };
		0A1B2D241C45AB0700F2DC85 /* ContactList.m in Sources */ = {isa = PBXBuildFile; fileRef = 0A1B2D231C45AB0700F2DC85 /* ContactList.m */; };
		0A1B2D2A1C45B43700F2DC85 /* InputCollector.m in Sources */ = {isa = PBXBuildFile; fileRef = 0A1B2D291C45B43700F2DC85 /* InputCollector.m */; };
/* End PBXBuildFile section */

/* Begin PBXCopyFilesBuildPhase section */
		0A1B2D131C45A76A00F2DC85 /* CopyFiles */ = {
			isa = PBXCopyFilesBuildPhase;
			buildActionMask = 2147483647;
			dstPath = /usr/share/man/man1/;
			dstSubfolderSpec = 0;
			files = (
			);
			runOnlyForDeploymentPostprocessing = 1;
		};
/* End PBXCopyFilesBuildPhase section */

/* Begin PBXFileReference section */
		0A1B2D151C45A76A00F2DC85 /* Contact Practice */ = {isa = PBXFileReference; explicitFileType = "compiled.mach-o.executable"; includeInIndex = 0; path = "Contact Practice"; sourceTree = BUILT_PRODUCTS_DIR; };
		0A1B2D181C45A76A00F2DC85 /* main.m */ = {isa = PBXFileReference; lastKnownFileType = sourcecode.c.objc; path = main.m; sourceTree = "<group>"; };
		0A1B2D1F1C45A78300F2DC85 /* Contact.h */ = {isa = PBXFileReference; fileEncoding = 4; lastKnownFileType = sourcecode.c.h; path = Contact.h; sourceTree = "<group>"; };
		0A1B2D201C45A78300F2DC85 /* Contact.m */ = {isa = PBXFileReference; fileEncoding = 4; lastKnownFileType = sourcecode.c.objc; path = Contact.m; sourceTree = "<group>"; };
		0A1B2D221C45AB0700F2DC85 /* ContactList.h */ = {isa = PBXFileReference; fileEncoding = 4; lastKnownFileType = sourcecode.c.h; path = ContactList.h; sourceTree = "<group>"; };
		0A1B2D231C45AB0700F2DC85 /* ContactList.m */ = {isa = PBXFileReference; fileEncoding = 4; lastKnownFileType = sourcecode.c.objc; path = ContactList.m; sourceTree = "<group>"; };
		0A1B2D281C45B43700F2DC85 /* InputCollector.h */ = {isa = PBXFileReference; fileEncoding = 4; lastKnownFileType = sourcecode.c.h; path = InputCollector.h; sourceTree = "<group>"; };
		0A1B2D291C45B43700F2DC85 /* InputCollector.m */ = {isa = PBXFileReference; fileEncoding = 4; lastKnownFileType = sourcecode.c.objc; path = InputCollector.m; sourceTree = "<group>"; };
/* End PBXFileReference section */

/* Begin PBXFrameworksBuildPhase section */
		0A1B2D121C45A76A00F2DC85 /* Frameworks */ = {
			isa = PBXFrameworksBuildPhase;
			buildActionMask = 2147483647;
			files = (
			);
			runOnlyForDeploymentPostprocessing = 0;
		};
/* End PBXFrameworksBuildPhase section */

/* Begin PBXGroup section */
		0A1B2D0C1C45A76A00F2DC85 = {
			isa = PBXGroup;
			children = (
				0A1B2D171C45A76A00F2DC85 /* Contact Practice */,
				0A1B2D161C45A76A00F2DC85 /* Products */,
			);
			sourceTree = "<group>";
		};
		0A1B2D161C45A76A00F2DC85 /* Products */ = {
			isa = PBXGroup;
			children = (
				0A1B2D151C45A76A00F2DC85 /* Contact Practice */,
			);
			name = Products;
			sourceTree = "<group>";
		};
		0A1B2D171C45A76A00F2DC85 /* Contact Practice */ = {
			isa = PBXGroup;
			children = (
				0A1B2D181C45A76A00F2DC85 /* main.m */,
				0A1B2D281C45B43700F2DC85 /* InputCollector.h */,
				0A1B2D291C45B43700F2DC85 /* InputCollector.m */,
				0A1B2D221C45AB0700F2DC85 /* ContactList.h */,
				0A1B2D231C45AB0700F2DC85 /* ContactList.m */,
				0A1B2D1F1C45A78300F2DC85 /* Contact.h */,
				0A1B2D201C45A78300F2DC85 /* Contact.m */,
			);
			path = "Contact Practice";
			sourceTree = "<group>";
		};
/* End PBXGroup section */

/* Begin PBXNativeTarget section */
		0A1B2D141C45A76A00F2DC85 /* Contact Practice */ = {
			isa = PBXNativeTarget;
			buildConfigurationList = 0A1B2D1C1C45A76A00F2DC85 /* Build configuration list for PBXNativeTarget "Contact Practice" */;
			buildPhases = (
				0A1B2D111C45A76A00F2DC85 /* Sources */,
				0A1B2D121C45A76A00F2DC85 /* Frameworks */,
				0A1B2D131C45A76A00F2DC85 /* CopyFiles */,
			);
			buildRules = (
			);
			dependencies = (
			);
			name = "Contact Practice";
			productName = "Contact Practice";
			productReference = 0A1B2D151C45A76A00F2DC85 /* Contact Practice */;
			productType = "com.apple.product-type.tool";
		};
/* End PBXNativeTarget section */

/* Begin PBXProject section */
		0A1B2D0D1C45A76A00F2DC85 /* Project object */ = {
			isa = PBXProject;
			attributes = {
				LastUpgradeCheck = 0710;
				ORGANIZATIONNAME = "Li Pan";
				TargetAttributes = {
					0A1B2D141C45A76A00F2DC85 = {
						CreatedOnToolsVersion = 7.1.1;
					};
				};
			};
			buildConfigurationList = 0A1B2D101C45A76A00F2DC85 /* Build configuration list for PBXProject "Contact Practice" */;
			compatibilityVersion = "Xcode 3.2";
			developmentRegion = English;
			hasScannedForEncodings = 0;
			knownRegions = (
				en,
			);
			mainGroup = 0A1B2D0C1C45A76A00F2DC85;
			productRefGroup = 0A1B2D161C45A76A00F2DC85 /* Products */;
			projectDirPath = "";
			projectRoot = "";
			targets = (
				0A1B2D141C45A76A00F2DC85 /* Contact Practice */,
			);
		};
/* End PBXProject section */

/* Begin PBXSourcesBuildPhase section */
		0A1B2D111C45A76A00F2DC85 /* Sources */ = {
			isa = PBXSourcesBuildPhase;
			buildActionMask = 2147483647;
			files = (
				0A1B2D241C45AB0700F2DC85 /* ContactList.m in Sources */,
				0A1B2D211C45A78300F2DC85 /* Contact.m in Sources */,
				0A1B2D2A1C45B43700F2DC85 /* InputCollector.m in Sources */,
				0A1B2D191C45A76A00F2DC85 /* main.m in Sources */,
			);
			runOnlyForDeploymentPostprocessing = 0;
		};
/* End PBXSourcesBuildPhase section */

/* Begin XCBuildConfiguration section */
		0A1B2D1A1C45A76A00F2DC85 /* Debug */ = {
			isa = XCBuildConfiguration;
			buildSettings = {
				ALWAYS_SEARCH_USER_PATHS = NO;
				CLANG_CXX_LANGUAGE_STANDARD = "gnu++0x";
				CLANG_CXX_LIBRARY = "libc++";
				CLANG_ENABLE_MODULES = YES;
				CLANG_ENABLE_OBJC_ARC = YES;
				CLANG_WARN_BOOL_CONVERSION = YES;
				CLANG_WARN_CONSTANT_CONVERSION = YES;
				CLANG_WARN_DIRECT_OBJC_ISA_USAGE = YES_ERROR;
				CLANG_WARN_EMPTY_BODY = YES;
				CLANG_WARN_ENUM_CONVERSION = YES;
				CLANG_WARN_INT_CONVERSION = YES;
				CLANG_WARN_OBJC_ROOT_CLASS = YES_ERROR;
				CLANG_WARN_UNREACHABLE_CODE = YES;
				CLANG_WARN__DUPLICATE_METHOD_MATCH = YES;
				CODE_SIGN_IDENTITY = "-";
				COPY_PHASE_STRIP = NO;
				DEBUG_INFORMATION_FORMAT = dwarf;
				ENABLE_STRICT_OBJC_MSGSEND = YES;
				ENABLE_TESTABILITY = YES;
				GCC_C_LANGUAGE_STANDARD = gnu99;
				GCC_DYNAMIC_NO_PIC = NO;
				GCC_NO_COMMON_BLOCKS = YES;
				GCC_OPTIMIZATION_LEVEL = 0;
				GCC_PREPROCESSOR_DEFINITIONS = (
					"DEBUG=1",
					"$(inherited)",
				);
				GCC_WARN_64_TO_32_BIT_CONVERSION = YES;
				GCC_WARN_ABOUT_RETURN_TYPE = YES_ERROR;
				GCC_WARN_UNDECLARED_SELECTOR = YES;
				GCC_WARN_UNINITIALIZED_AUTOS = YES_AGGRESSIVE;
				GCC_WARN_UNUSED_FUNCTION = YES;
				GCC_WARN_UNUSED_VARIABLE = YES;
				MACOSX_DEPLOYMENT_TARGET = 10.11;
				MTL_ENABLE_DEBUG_INFO = YES;
				ONLY_ACTIVE_ARCH = YES;
				SDKROOT = macosx;
			};
			name = Debug;
		};
		0A1B2D1B1C45A76A00F2DC85 /* Release */ = {
			isa = XCBuildConfiguration;
			buildSettings = {
				ALWAYS_SEARCH_USER_PATHS = NO;
				CLANG_CXX_LANGUAGE_STANDARD = "gnu++0x";
				CLANG_CXX_LIBRARY = "libc++";
				CLANG_ENABLE_MODULES = YES;
				CLANG_ENABLE_OBJC_ARC = YES;
				CLANG_WARN_BOOL_CONVERSION = YES;
				CLANG_WARN_CONSTANT_CONVERSION = YES;
				CLANG_WARN_DIRECT_OBJC_ISA_USAGE = YES_ERROR;
				CLANG_WARN_EMPTY_BODY = YES;
				CLANG_WARN_ENUM_CONVERSION = YES;
				CLANG_WARN_INT_CONVERSION = YES;
				CLANG_WARN_OBJC_ROOT_CLASS = YES_ERROR;
				CLANG_WARN_UNREACHABLE_CODE = YES;
				CLANG_WARN__DUPLICATE_METHOD_MATCH = YES;
				CODE_SIGN_IDENTITY = "-";
				COPY_PHASE_STRIP = NO;
				DEBUG_INFORMATION_FORMAT = "dwarf-with-dsym";
				ENABLE_NS_ASSERTIONS = NO;
				ENABLE_STRICT_OBJC_MSGSEND = YES;
				GCC_C_LANGUAGE_STANDARD = gnu99;
				GCC_NO_COMMON_BLOCKS = YES;
				GCC_WARN_64_TO_32_BIT_CONVERSION = YES;
				GCC_WARN_ABOUT_RETURN_TYPE = YES_ERROR;
				GCC_WARN_UNDECLARED_SELECTOR = YES;
				GCC_WARN_UNINITIALIZED_AUTOS = YES_AGGRESSIVE;
				GCC_WARN_UNUSED_FUNCTION = YES;
				GCC_WARN_UNUSED_VARIABLE = YES;
				MACOSX_DEPLOYMENT_TARGET = 10.11;
				MTL_ENABLE_DEBUG_INFO = NO;
				SDKROOT = macosx;
			};
			name = Release;
		};
		0A1B2D1D1C45A76A00F2DC85 /* Debug */ = {
			isa = XCBuildConfiguration;
			buildSettings = {
				PRODUCT_NAME = "$(TARGET_NAME)";
			};
			name = Debug;
		};
		0A1B2D1E1C45A76A00F2DC85 /* Release */ = {
			isa = XCBuildConfiguration;
			buildSettings = {
				PRODUCT_NAME = "$(TARGET_NAME)";
			};
			name = Release;
		};
/* End XCBuildConfiguration section */

/* Begin XCConfigurationList section */
		0A1B2D101C45A76A00F2DC85 /* Build configuration list for PBXProject "Contact Practice" */ = {
			isa = XCConfigurationList;
			buildConfigurations = (
				0A1B2D1A1C45A76A00F2DC85 /* Debug */,
				0A1B2D1B1C45A76A00F2DC85 /* Release */,
			);
			defaultConfigurationIsVisible = 0;
			defaultConfigurationName = Release;
		};
		0A1B2D1C1C45A76A00F2DC85 /* Build configuration list for PBXNativeTarget "Contact Practice" */ = {
			isa = XCConfigurationList;
			buildConfigurations = (
				0A1B2D1D1C45A76A00F2DC85 /* Debug */,
				0A1B2D1E1C45A76A00F2DC85 /* Release */,
			);
			defaultConfigurationIsVisible = 0;
		};
/* End XCConfigurationList section */
	};
	rootObject = 0A1B2D0D1C45A76A00F2DC85 /* Project object */;
}
